// !$*UTF8*$!
{
	archiveVersion = 1;
	classes = {
	};
	objectVersion = 48;
	objects = {

/* Begin PBXBuildFile section */
		8B27C9FC2031C2D90055C5AD /* AppDelegate.swift in Sources */ = {isa = PBXBuildFile; fileRef = 8B27C9FB2031C2D90055C5AD /* AppDelegate.swift */; };
		8B27C9FE2031C2D90055C5AD /* ViewController.swift in Sources */ = {isa = PBXBuildFile; fileRef = 8B27C9FD2031C2D90055C5AD /* ViewController.swift */; };
		8B27CA012031C2D90055C5AD /* Main.storyboard in Resources */ = {isa = PBXBuildFile; fileRef = 8B27C9FF2031C2D90055C5AD /* Main.storyboard */; };
		8B27CA032031C2D90055C5AD /* Assets.xcassets in Resources */ = {isa = PBXBuildFile; fileRef = 8B27CA022031C2D90055C5AD /* Assets.xcassets */; };
		8B27CA062031C2D90055C5AD /* LaunchScreen.storyboard in Resources */ = {isa = PBXBuildFile; fileRef = 8B27CA042031C2D90055C5AD /* LaunchScreen.storyboard */; };
		8B27CA112031C2D90055C5AD /* FirstKadaiAppTests.swift in Sources */ = {isa = PBXBuildFile; fileRef = 8B27CA102031C2D90055C5AD /* FirstKadaiAppTests.swift */; };
		8B27CA1C2031C2D90055C5AD /* FirstKadaiAppUITests.swift in Sources */ = {isa = PBXBuildFile; fileRef = 8B27CA1B2031C2D90055C5AD /* FirstKadaiAppUITests.swift */; };
/* End PBXBuildFile section */

/* Begin PBXContainerItemProxy section */
		8B27CA0D2031C2D90055C5AD /* PBXContainerItemProxy */ = {
			isa = PBXContainerItemProxy;
			containerPortal = 8B27C9F02031C2D80055C5AD /* Project object */;
			proxyType = 1;
			remoteGlobalIDString = 8B27C9F72031C2D80055C5AD;
			remoteInfo = FirstKadaiApp;
		};
		8B27CA182031C2D90055C5AD /* PBXContainerItemProxy */ = {
			isa = PBXContainerItemProxy;
			containerPortal = 8B27C9F02031C2D80055C5AD /* Project object */;
			proxyType = 1;
			remoteGlobalIDString = 8B27C9F72031C2D80055C5AD;
			remoteInfo = FirstKadaiApp;
		};
/* End PBXContainerItemProxy section */

/* Begin PBXFileReference section */
		8B27C9F82031C2D80055C5AD /* FirstKadaiApp.app */ = {isa = PBXFileReference; explicitFileType = wrapper.application; includeInIndex = 0; path = FirstKadaiApp.app; sourceTree = BUILT_PRODUCTS_DIR; };
		8B27C9FB2031C2D90055C5AD /* AppDelegate.swift */ = {isa = PBXFileReference; lastKnownFileType = sourcecode.swift; path = AppDelegate.swift; sourceTree = "<group>"; };
		8B27C9FD2031C2D90055C5AD /* ViewController.swift */ = {isa = PBXFileReference; lastKnownFileType = sourcecode.swift; path = ViewController.swift; sourceTree = "<group>"; };
		8B27CA002031C2D90055C5AD /* Base */ = {isa = PBXFileReference; lastKnownFileType = file.storyboard; name = Base; path = Base.lproj/Main.storyboard; sourceTree = "<group>"; };
		8B27CA022031C2D90055C5AD /* Assets.xcassets */ = {isa = PBXFileReference; lastKnownFileType = folder.assetcatalog; path = Assets.xcassets; sourceTree = "<group>"; };
		8B27CA052031C2D90055C5AD /* Base */ = {isa = PBXFileReference; lastKnownFileType = file.storyboard; name = Base; path = Base.lproj/LaunchScreen.storyboard; sourceTree = "<group>"; };
		8B27CA072031C2D90055C5AD /* Info.plist */ = {isa = PBXFileReference; lastKnownFileType = text.plist.xml; path = Info.plist; sourceTree = "<group>"; };
		8B27CA0C2031C2D90055C5AD /* FirstKadaiAppTests.xctest */ = {isa = PBXFileReference; explicitFileType = wrapper.cfbundle; includeInIndex = 0; path = FirstKadaiAppTests.xctest; sourceTree = BUILT_PRODUCTS_DIR; };
		8B27CA102031C2D90055C5AD /* FirstKadaiAppTests.swift */ = {isa = PBXFileReference; lastKnownFileType = sourcecode.swift; path = FirstKadaiAppTests.swift; sourceTree = "<group>"; };
		8B27CA122031C2D90055C5AD /* Info.plist */ = {isa = PBXFileReference; lastKnownFileType = text.plist.xml; path = Info.plist; sourceTree = "<group>"; };
		8B27CA172031C2D90055C5AD /* FirstKadaiAppUITests.xctest */ = {isa = PBXFileReference; explicitFileType = wrapper.cfbundle; includeInIndex = 0; path = FirstKadaiAppUITests.xctest; sourceTree = BUILT_PRODUCTS_DIR; };
		8B27CA1B2031C2D90055C5AD /* FirstKadaiAppUITests.swift */ = {isa = PBXFileReference; lastKnownFileType = sourcecode.swift; path = FirstKadaiAppUITests.swift; sourceTree = "<group>"; };
		8B27CA1D2031C2D90055C5AD /* Info.plist */ = {isa = PBXFileReference; lastKnownFileType = text.plist.xml; path = Info.plist; sourceTree = "<group>"; };
/* End PBXFileReference section */

/* Begin PBXFrameworksBuildPhase section */
		8B27C9F52031C2D80055C5AD /* Frameworks */ = {
			isa = PBXFrameworksBuildPhase;
			buildActionMask = 2147483647;
			files = (
			);
			runOnlyForDeploymentPostprocessing = 0;
		};
		8B27CA092031C2D90055C5AD /* Frameworks */ = {
			isa = PBXFrameworksBuildPhase;
			buildActionMask = 2147483647;
			files = (
			);
			runOnlyForDeploymentPostprocessing = 0;
		};
		8B27CA142031C2D90055C5AD /* Frameworks */ = {
			isa = PBXFrameworksBuildPhase;
			buildActionMask = 2147483647;
			files = (
			);
			runOnlyForDeploymentPostprocessing = 0;
		};
/* End PBXFrameworksBuildPhase section */

/* Begin PBXGroup section */
		8B27C9EF2031C2D80055C5AD = {
			isa = PBXGroup;
			children = (
				8B27C9FA2031C2D80055C5AD /* FirstKadaiApp */,
				8B27CA0F2031C2D90055C5AD /* FirstKadaiAppTests */,
				8B27CA1A2031C2D90055C5AD /* FirstKadaiAppUITests */,
				8B27C9F92031C2D80055C5AD /* Products */,
			);
			sourceTree = "<group>";
		};
		8B27C9F92031C2D80055C5AD /* Products */ = {
			isa = PBXGroup;
			children = (
				8B27C9F82031C2D80055C5AD /* FirstKadaiApp.app */,
				8B27CA0C2031C2D90055C5AD /* FirstKadaiAppTests.xctest */,
				8B27CA172031C2D90055C5AD /* FirstKadaiAppUITests.xctest */,
			);
			name = Products;
			sourceTree = "<group>";
		};
		8B27C9FA2031C2D80055C5AD /* FirstKadaiApp */ = {
			isa = PBXGroup;
			children = (
				8B27C9FB2031C2D90055C5AD /* AppDelegate.swift */,
				8B27C9FD2031C2D90055C5AD /* ViewController.swift */,
				8B27C9FF2031C2D90055C5AD /* Main.storyboard */,
				8B27CA022031C2D90055C5AD /* Assets.xcassets */,
				8B27CA042031C2D90055C5AD /* LaunchScreen.storyboard */,
				8B27CA072031C2D90055C5AD /* Info.plist */,
			);
			path = FirstKadaiApp;
			sourceTree = "<group>";
		};
		8B27CA0F2031C2D90055C5AD /* FirstKadaiAppTests */ = {
			isa = PBXGroup;
			children = (
				8B27CA102031C2D90055C5AD /* FirstKadaiAppTests.swift */,
				8B27CA122031C2D90055C5AD /* Info.plist */,
			);
			path = FirstKadaiAppTests;
			sourceTree = "<group>";
		};
		8B27CA1A2031C2D90055C5AD /* FirstKadaiAppUITests */ = {
			isa = PBXGroup;
			children = (
				8B27CA1B2031C2D90055C5AD /* FirstKadaiAppUITests.swift */,
				8B27CA1D2031C2D90055C5AD /* Info.plist */,
			);
			path = FirstKadaiAppUITests;
			sourceTree = "<group>";
		};
/* End PBXGroup section */

/* Begin PBXNativeTarget section */
		8B27C9F72031C2D80055C5AD /* FirstKadaiApp */ = {
			isa = PBXNativeTarget;
			buildConfigurationList = 8B27CA202031C2D90055C5AD /* Build configuration list for PBXNativeTarget "FirstKadaiApp" */;
			buildPhases = (
				8B27C9F42031C2D80055C5AD /* Sources */,
				8B27C9F52031C2D80055C5AD /* Frameworks */,
				8B27C9F62031C2D80055C5AD /* Resources */,
			);
			buildRules = (
			);
			dependencies = (
			);
			name = FirstKadaiApp;
			productName = FirstKadaiApp;
			productReference = 8B27C9F82031C2D80055C5AD /* FirstKadaiApp.app */;
			productType = "com.apple.product-type.application";
		};
		8B27CA0B2031C2D90055C5AD /* FirstKadaiAppTests */ = {
			isa = PBXNativeTarget;
			buildConfigurationList = 8B27CA232031C2D90055C5AD /* Build configuration list for PBXNativeTarget "FirstKadaiAppTests" */;
			buildPhases = (
				8B27CA082031C2D90055C5AD /* Sources */,
				8B27CA092031C2D90055C5AD /* Frameworks */,
				8B27CA0A2031C2D90055C5AD /* Resources */,
			);
			buildRules = (
			);
			dependencies = (
				8B27CA0E2031C2D90055C5AD /* PBXTargetDependency */,
			);
			name = FirstKadaiAppTests;
			productName = FirstKadaiAppTests;
			productReference = 8B27CA0C2031C2D90055C5AD /* FirstKadaiAppTests.xctest */;
			productType = "com.apple.product-type.bundle.unit-test";
		};
		8B27CA162031C2D90055C5AD /* FirstKadaiAppUITests */ = {
			isa = PBXNativeTarget;
			buildConfigurationList = 8B27CA262031C2D90055C5AD /* Build configuration list for PBXNativeTarget "FirstKadaiAppUITests" */;
			buildPhases = (
				8B27CA132031C2D90055C5AD /* Sources */,
				8B27CA142031C2D90055C5AD /* Frameworks */,
				8B27CA152031C2D90055C5AD /* Resources */,
			);
			buildRules = (
			);
			dependencies = (
				8B27CA192031C2D90055C5AD /* PBXTargetDependency */,
			);
			name = FirstKadaiAppUITests;
			productName = FirstKadaiAppUITests;
			productReference = 8B27CA172031C2D90055C5AD /* FirstKadaiAppUITests.xctest */;
			productType = "com.apple.product-type.bundle.ui-testing";
		};
/* End PBXNativeTarget section */

/* Begin PBXProject section */
		8B27C9F02031C2D80055C5AD /* Project object */ = {
			isa = PBXProject;
			attributes = {
				LastSwiftUpdateCheck = 0920;
				LastUpgradeCheck = 0920;
				ORGANIZATIONNAME = daichi.kakuta;
				TargetAttributes = {
					8B27C9F72031C2D80055C5AD = {
						CreatedOnToolsVersion = 9.2;
						ProvisioningStyle = Automatic;
					};
					8B27CA0B2031C2D90055C5AD = {
						CreatedOnToolsVersion = 9.2;
						ProvisioningStyle = Automatic;
						TestTargetID = 8B27C9F72031C2D80055C5AD;
					};
					8B27CA162031C2D90055C5AD = {
						CreatedOnToolsVersion = 9.2;
						ProvisioningStyle = Automatic;
						TestTargetID = 8B27C9F72031C2D80055C5AD;
					};
				};
			};
			buildConfigurationList = 8B27C9F32031C2D80055C5AD /* Build configuration list for PBXProject "FirstKadaiApp" */;
			compatibilityVersion = "Xcode 8.0";
			developmentRegion = en;
			hasScannedForEncodings = 0;
			knownRegions = (
				en,
				Base,
			);
			mainGroup = 8B27C9EF2031C2D80055C5AD;
			productRefGroup = 8B27C9F92031C2D80055C5AD /* Products */;
			projectDirPath = "";
			projectRoot = "";
			targets = (
				8B27C9F72031C2D80055C5AD /* FirstKadaiApp */,
				8B27CA0B2031C2D90055C5AD /* FirstKadaiAppTests */,
				8B27CA162031C2D90055C5AD /* FirstKadaiAppUITests */,
			);
		};
/* End PBXProject section */

/* Begin PBXResourcesBuildPhase section */
		8B27C9F62031C2D80055C5AD /* Resources */ = {
			isa = PBXResourcesBuildPhase;
			buildActionMask = 2147483647;
			files = (
				8B27CA062031C2D90055C5AD /* LaunchScreen.storyboard in Resources */,
				8B27CA032031C2D90055C5AD /* Assets.xcassets in Resources */,
				8B27CA012031C2D90055C5AD /* Main.storyboard in Resources */,
			);
			runOnlyForDeploymentPostprocessing = 0;
		};
		8B27CA0A2031C2D90055C5AD /* Resources */ = {
			isa = PBXResourcesBuildPhase;
			buildActionMask = 2147483647;
			files = (
			);
			runOnlyForDeploymentPostprocessing = 0;
		};
		8B27CA152031C2D90055C5AD /* Resources */ = {
			isa = PBXResourcesBuildPhase;
			buildActionMask = 2147483647;
			files = (
			);
			runOnlyForDeploymentPostprocessing = 0;
		};
/* End PBXResourcesBuildPhase section */

/* Begin PBXSourcesBuildPhase section */
		8B27C9F42031C2D80055C5AD /* Sources */ = {
			isa = PBXSourcesBuildPhase;
			buildActionMask = 2147483647;
			files = (
				8B27C9FE2031C2D90055C5AD /* ViewController.swift in Sources */,
				8B27C9FC2031C2D90055C5AD /* AppDelegate.swift in Sources */,
			);
			runOnlyForDeploymentPostprocessing = 0;
		};
		8B27CA082031C2D90055C5AD /* Sources */ = {
			isa = PBXSourcesBuildPhase;
			buildActionMask = 2147483647;
			files = (
				8B27CA112031C2D90055C5AD /* FirstKadaiAppTests.swift in Sources */,
			);
			runOnlyForDeploymentPostprocessing = 0;
		};
		8B27CA132031C2D90055C5AD /* Sources */ = {
			isa = PBXSourcesBuildPhase;
			buildActionMask = 2147483647;
			files = (
				8B27CA1C2031C2D90055C5AD /* FirstKadaiAppUITests.swift in Sources */,
			);
			runOnlyForDeploymentPostprocessing = 0;
		};
/* End PBXSourcesBuildPhase section */

/* Begin PBXTargetDependency section */
		8B27CA0E2031C2D90055C5AD /* PBXTargetDependency */ = {
			isa = PBXTargetDependency;
			target = 8B27C9F72031C2D80055C5AD /* FirstKadaiApp */;
			targetProxy = 8B27CA0D2031C2D90055C5AD /* PBXContainerItemProxy */;
		};
		8B27CA192031C2D90055C5AD /* PBXTargetDependency */ = {
			isa = PBXTargetDependency;
			target = 8B27C9F72031C2D80055C5AD /* FirstKadaiApp */;
			targetProxy = 8B27CA182031C2D90055C5AD /* PBXContainerItemProxy */;
		};
/* End PBXTargetDependency section */

/* Begin PBXVariantGroup section */
		8B27C9FF2031C2D90055C5AD /* Main.storyboard */ = {
			isa = PBXVariantGroup;
			children = (
				8B27CA002031C2D90055C5AD /* Base */,
			);
			name = Main.storyboard;
			sourceTree = "<group>";
		};
		8B27CA042031C2D90055C5AD /* LaunchScreen.storyboard */ = {
			isa = PBXVariantGroup;
			children = (
				8B27CA052031C2D90055C5AD /* Base */,
			);
			name = LaunchScreen.storyboard;
			sourceTree = "<group>";
		};
/* End PBXVariantGroup section */

/* Begin XCBuildConfiguration section */
		8B27CA1E2031C2D90055C5AD /* Debug */ = {
			isa = XCBuildConfiguration;
			buildSettings = {
				ALWAYS_SEARCH_USER_PATHS = NO;
				CLANG_ANALYZER_NONNULL = YES;
				CLANG_ANALYZER_NUMBER_OBJECT_CONVERSION = YES_AGGRESSIVE;
				CLANG_CXX_LANGUAGE_STANDARD = "gnu++14";
				CLANG_CXX_LIBRARY = "libc++";
				CLANG_ENABLE_MODULES = YES;
				CLANG_ENABLE_OBJC_ARC = YES;
				CLANG_WARN_BLOCK_CAPTURE_AUTORELEASING = YES;
				CLANG_WARN_BOOL_CONVERSION = YES;
				CLANG_WARN_COMMA = YES;
				CLANG_WARN_CONSTANT_CONVERSION = YES;
				CLANG_WARN_DIRECT_OBJC_ISA_USAGE = YES_ERROR;
				CLANG_WARN_DOCUMENTATION_COMMENTS = YES;
				CLANG_WARN_EMPTY_BODY = YES;
				CLANG_WARN_ENUM_CONVERSION = YES;
				CLANG_WARN_INFINITE_RECURSION = YES;
				CLANG_WARN_INT_CONVERSION = YES;
				CLANG_WARN_NON_LITERAL_NULL_CONVERSION = YES;
				CLANG_WARN_OBJC_LITERAL_CONVERSION = YES;
				CLANG_WARN_OBJC_ROOT_CLASS = YES_ERROR;
				CLANG_WARN_RANGE_LOOP_ANALYSIS = YES;
				CLANG_WARN_STRICT_PROTOTYPES = YES;
				CLANG_WARN_SUSPICIOUS_MOVE = YES;
				CLANG_WARN_UNGUARDED_AVAILABILITY = YES_AGGRESSIVE;
				CLANG_WARN_UNREACHABLE_CODE = YES;
				CLANG_WARN__DUPLICATE_METHOD_MATCH = YES;
				CODE_SIGN_IDENTITY = "iPhone Developer";
				COPY_PHASE_STRIP = NO;
				DEBUG_INFORMATION_FORMAT = dwarf;
				ENABLE_STRICT_OBJC_MSGSEND = YES;
				ENABLE_TESTABILITY = YES;
				GCC_C_LANGUAGE_STANDARD = gnu11;
				GCC_DYNAMIC_NO_PIC = NO;
				GCC_NO_COMMON_BLOCKS = YES;
				GCC_OPTIMIZATION_LEVEL = 0;
				GCC_PREPROCESSOR_DEFINITIONS = (
					"DEBUG=1",
					"$(inherited)",
				);
				GCC_WARN_64_TO_32_BIT_CONVERSION = YES;
				GCC_WARN_ABOUT_RETURN_TYPE = YES_ERROR;
				GCC_WARN_UNDECLARED_SELECTOR = YES;
				GCC_WARN_UNINITIALIZED_AUTOS = YES_AGGRESSIVE;
				GCC_WARN_UNUSED_FUNCTION = YES;
				GCC_WARN_UNUSED_VARIABLE = YES;
				IPHONEOS_DEPLOYMENT_TARGET = 11.2;
				MTL_ENABLE_DEBUG_INFO = YES;
				ONLY_ACTIVE_ARCH = YES;
				SDKROOT = iphoneos;
				SWIFT_ACTIVE_COMPILATION_CONDITIONS = DEBUG;
				SWIFT_OPTIMIZATION_LEVEL = "-Onone";
			};
			name = Debug;
		};
		8B27CA1F2031C2D90055C5AD /* Release */ = {
			isa = XCBuildConfiguration;
			buildSettings = {
				ALWAYS_SEARCH_USER_PATHS = NO;
				CLANG_ANALYZER_NONNULL = YES;
				CLANG_ANALYZER_NUMBER_OBJECT_CONVERSION = YES_AGGRESSIVE;
				CLANG_CXX_LANGUAGE_STANDARD = "gnu++14";
				CLANG_CXX_LIBRARY = "libc++";
				CLANG_ENABLE_MODULES = YES;
				CLANG_ENABLE_OBJC_ARC = YES;
				CLANG_WARN_BLOCK_CAPTURE_AUTORELEASING = YES;
				CLANG_WARN_BOOL_CONVERSION = YES;
				CLANG_WARN_COMMA = YES;
				CLANG_WARN_CONSTANT_CONVERSION = YES;
				CLANG_WARN_DIRECT_OBJC_ISA_USAGE = YES_ERROR;
				CLANG_WARN_DOCUMENTATION_COMMENTS = YES;
				CLANG_WARN_EMPTY_BODY = YES;
				CLANG_WARN_ENUM_CONVERSION = YES;
				CLANG_WARN_INFINITE_RECURSION = YES;
				CLANG_WARN_INT_CONVERSION = YES;
				CLANG_WARN_NON_LITERAL_NULL_CONVERSION = YES;
				CLANG_WARN_OBJC_LITERAL_CONVERSION = YES;
				CLANG_WARN_OBJC_ROOT_CLASS = YES_ERROR;
				CLANG_WARN_RANGE_LOOP_ANALYSIS = YES;
				CLANG_WARN_STRICT_PROTOTYPES = YES;
				CLANG_WARN_SUSPICIOUS_MOVE = YES;
				CLANG_WARN_UNGUARDED_AVAILABILITY = YES_AGGRESSIVE;
				CLANG_WARN_UNREACHABLE_CODE = YES;
				CLANG_WARN__DUPLICATE_METHOD_MATCH = YES;
				CODE_SIGN_IDENTITY = "iPhone Developer";
				COPY_PHASE_STRIP = NO;
				DEBUG_INFORMATION_FORMAT = "dwarf-with-dsym";
				ENABLE_NS_ASSERTIONS = NO;
				ENABLE_STRICT_OBJC_MSGSEND = YES;
				GCC_C_LANGUAGE_STANDARD = gnu11;
				GCC_NO_COMMON_BLOCKS = YES;
				GCC_WARN_64_TO_32_BIT_CONVERSION = YES;
				GCC_WARN_ABOUT_RETURN_TYPE = YES_ERROR;
				GCC_WARN_UNDECLARED_SELECTOR = YES;
				GCC_WARN_UNINITIALIZED_AUTOS = YES_AGGRESSIVE;
				GCC_WARN_UNUSED_FUNCTION = YES;
				GCC_WARN_UNUSED_VARIABLE = YES;
				IPHONEOS_DEPLOYMENT_TARGET = 11.2;
				MTL_ENABLE_DEBUG_INFO = NO;
				SDKROOT = iphoneos;
				SWIFT_OPTIMIZATION_LEVEL = "-Owholemodule";
				VALIDATE_PRODUCT = YES;
			};
			name = Release;
		};
		8B27CA212031C2D90055C5AD /* Debug */ = {
			isa = XCBuildConfiguration;
			buildSettings = {
				ASSETCATALOG_COMPILER_APPICON_NAME = AppIcon;
				CODE_SIGN_STYLE = Automatic;
				INFOPLIST_FILE = FirstKadaiApp/Info.plist;
				LD_RUNPATH_SEARCH_PATHS = "$(inherited) @executable_path/Frameworks";
				PRODUCT_BUNDLE_IDENTIFIER = jp.techacademy.daichi.kakuta.FirstKadaiApp;
				PRODUCT_NAME = "$(TARGET_NAME)";
				SWIFT_VERSION = 4.0;
				TARGETED_DEVICE_FAMILY = "1,2";
			};
			name = Debug;
		};
		8B27CA222031C2D90055C5AD /* Release */ = {
			isa = XCBuildConfiguration;
			buildSettings = {
				ASSETCATALOG_COMPILER_APPICON_NAME = AppIcon;
				CODE_SIGN_STYLE = Automatic;
				INFOPLIST_FILE = FirstKadaiApp/Info.plist;
				LD_RUNPATH_SEARCH_PATHS = "$(inherited) @executable_path/Frameworks";
				PRODUCT_BUNDLE_IDENTIFIER = jp.techacademy.daichi.kakuta.FirstKadaiApp;
				PRODUCT_NAME = "$(TARGET_NAME)";
				SWIFT_VERSION = 4.0;
				TARGETED_DEVICE_FAMILY = "1,2";
			};
			name = Release;
		};
		8B27CA242031C2D90055C5AD /* Debug */ = {
			isa = XCBuildConfiguration;
			buildSettings = {
				ALWAYS_EMBED_SWIFT_STANDARD_LIBRARIES = YES;
				BUNDLE_LOADER = "$(TEST_HOST)";
				CODE_SIGN_STYLE = Automatic;
				INFOPLIST_FILE = FirstKadaiAppTests/Info.plist;
				LD_RUNPATH_SEARCH_PATHS = "$(inherited) @executable_path/Frameworks @loader_path/Frameworks";
				PRODUCT_BUNDLE_IDENTIFIER = jp.techacademy.daichi.kakuta.FirstKadaiAppTests;
				PRODUCT_NAME = "$(TARGET_NAME)";
				SWIFT_VERSION = 4.0;
				TARGETED_DEVICE_FAMILY = "1,2";
				TEST_HOST = "$(BUILT_PRODUCTS_DIR)/FirstKadaiApp.app/FirstKadaiApp";
			};
			name = Debug;
		};
		8B27CA252031C2D90055C5AD /* Release */ = {
			isa = XCBuildConfiguration;
			buildSettings = {
				ALWAYS_EMBED_SWIFT_STANDARD_LIBRARIES = YES;
				BUNDLE_LOADER = "$(TEST_HOST)";
				CODE_SIGN_STYLE = Automatic;
				INFOPLIST_FILE = FirstKadaiAppTests/Info.plist;
				LD_RUNPATH_SEARCH_PATHS = "$(inherited) @executable_path/Frameworks @loader_path/Frameworks";
				PRODUCT_BUNDLE_IDENTIFIER = jp.techacademy.daichi.kakuta.FirstKadaiAppTests;
				PRODUCT_NAME = "$(TARGET_NAME)";
				SWIFT_VERSION = 4.0;
				TARGETED_DEVICE_FAMILY = "1,2";
				TEST_HOST = "$(BUILT_PRODUCTS_DIR)/FirstKadaiApp.app/FirstKadaiApp";
			};
			name = Release;
		};
		8B27CA272031C2D90055C5AD /* Debug */ = {
			isa = XCBuildConfiguration;
			buildSettings = {
				ALWAYS_EMBED_SWIFT_STANDARD_LIBRARIES = YES;
				CODE_SIGN_STYLE = Automatic;
				INFOPLIST_FILE = FirstKadaiAppUITests/Info.plist;
				LD_RUNPATH_SEARCH_PATHS = "$(inherited) @executable_path/Frameworks @loader_path/Frameworks";
				PRODUCT_BUNDLE_IDENTIFIER = jp.techacademy.daichi.kakuta.FirstKadaiAppUITests;
				PRODUCT_NAME = "$(TARGET_NAME)";
				SWIFT_VERSION = 4.0;
				TARGETED_DEVICE_FAMILY = "1,2";
				TEST_TARGET_NAME = FirstKadaiApp;
			};
			name = Debug;
		};
		8B27CA282031C2D90055C5AD /* Release */ = {
			isa = XCBuildConfiguration;
			buildSettings = {
				ALWAYS_EMBED_SWIFT_STANDARD_LIBRARIES = YES;
				CODE_SIGN_STYLE = Automatic;
				INFOPLIST_FILE = FirstKadaiAppUITests/Info.plist;
				LD_RUNPATH_SEARCH_PATHS = "$(inherited) @executable_path/Frameworks @loader_path/Frameworks";
				PRODUCT_BUNDLE_IDENTIFIER = jp.techacademy.daichi.kakuta.FirstKadaiAppUITests;
				PRODUCT_NAME = "$(TARGET_NAME)";
				SWIFT_VERSION = 4.0;
				TARGETED_DEVICE_FAMILY = "1,2";
				TEST_TARGET_NAME = FirstKadaiApp;
			};
			name = Release;
		};
/* End XCBuildConfiguration section */

/* Begin XCConfigurationList section */
		8B27C9F32031C2D80055C5AD /* Build configuration list for PBXProject "FirstKadaiApp" */ = {
			isa = XCConfigurationList;
			buildConfigurations = (
				8B27CA1E2031C2D90055C5AD /* Debug */,
				8B27CA1F2031C2D90055C5AD /* Release */,
			);
			defaultConfigurationIsVisible = 0;
			defaultConfigurationName = Release;
		};
		8B27CA202031C2D90055C5AD /* Build configuration list for PBXNativeTarget "FirstKadaiApp" */ = {
			isa = XCConfigurationList;
			buildConfigurations = (
				8B27CA212031C2D90055C5AD /* Debug */,
				8B27CA222031C2D90055C5AD /* Release */,
			);
			defaultConfigurationIsVisible = 0;
			defaultConfigurationName = Release;
		};
		8B27CA232031C2D90055C5AD /* Build configuration list for PBXNativeTarget "FirstKadaiAppTests" */ = {
			isa = XCConfigurationList;
			buildConfigurations = (
				8B27CA242031C2D90055C5AD /* Debug */,
				8B27CA252031C2D90055C5AD /* Release */,
			);
			defaultConfigurationIsVisible = 0;
			defaultConfigurationName = Release;
		};
		8B27CA262031C2D90055C5AD /* Build configuration list for PBXNativeTarget "FirstKadaiAppUITests" */ = {
			isa = XCConfigurationList;
			buildConfigurations = (
				8B27CA272031C2D90055C5AD /* Debug */,
				8B27CA282031C2D90055C5AD /* Release */,
			);
			defaultConfigurationIsVisible = 0;
			defaultConfigurationName = Release;
		};
/* End XCConfigurationList section */
	};
	rootObject = 8B27C9F02031C2D80055C5AD /* Project object */;
}
